
Microsoft Visual Studio Solution File, Format Version 12.00
# Visual Studio Version 16
VisualStudioVersion = 16.0.31112.23
MinimumVisualStudioVersion = 10.0.40219.1
Project("{9A19103F-16F7-4668-BE54-9A1E7A4F7556}") = "Sample", "Sample.csproj", "{B12C9356-BCD7-4C75-B401-48953705D238}"
EndProject
Global
	GlobalSection(SolutionConfigurationPlatforms) = preSolution
		Debug|Any CPU = Debug|Any CPU
		Release|Any CPU = Release|Any CPU
	EndGlobalSection
	GlobalSection(ProjectConfigurationPlatforms) = postSolution
		{B12C9356-BCD7-4C75-B401-48953705D238}.Debug|Any CPU.ActiveCfg = Debug|Any CPU
		{B12C9356-BCD7-4C75-B401-48953705D238}.Debug|Any CPU.Build.0 = Debug|Any CPU
		{B12C9356-BCD7-4C75-B401-48953705D238}.Release|Any CPU.ActiveCfg = Release|Any CPU
		{B12C9356-BCD7-4C75-B401-48953705D238}.Release|Any CPU.Build.0 = Release|Any CPU
	EndGlobalSection
	GlobalSection(SolutionProperties) = preSolution
		HideSolutionNode = FALSE
	EndGlobalSection
	GlobalSection(ExtensibilityGlobals) = postSolution
		SolutionGuid = {11227E2A-E934-4253-B2D2-496533E62FBF}
	EndGlobalSection
EndGlobal
